// !$*UTF8*$!
{
	archiveVersion = 1;
	classes = {
	};
	objectVersion = 50;
	objects = {

/* Begin PBXBuildFile section */
		9D78E64D217C5EB900D2C918 /* TitleViewCell.swift in Sources */ = {isa = PBXBuildFile; fileRef = 9D78E64B217C5EB900D2C918 /* TitleViewCell.swift */; };
		9D78E64E217C5EB900D2C918 /* TitleViewCell.xib in Resources */ = {isa = PBXBuildFile; fileRef = 9D78E64C217C5EB900D2C918 /* TitleViewCell.xib */; };
		9D78E652217C654A00D2C918 /* IntroductionViewCell.swift in Sources */ = {isa = PBXBuildFile; fileRef = 9D78E650217C654A00D2C918 /* IntroductionViewCell.swift */; };
		9D78E653217C654A00D2C918 /* IntroductionViewCell.xib in Resources */ = {isa = PBXBuildFile; fileRef = 9D78E651217C654A00D2C918 /* IntroductionViewCell.xib */; };
		9D78E656217C66F000D2C918 /* InformationViewCell.swift in Sources */ = {isa = PBXBuildFile; fileRef = 9D78E654217C66F000D2C918 /* InformationViewCell.swift */; };
		9D78E657217C66F000D2C918 /* InformationViewCell.xib in Resources */ = {isa = PBXBuildFile; fileRef = 9D78E655217C66F000D2C918 /* InformationViewCell.xib */; };
		9DB4F029217C147800F6D41F /* AppDelegate.swift in Sources */ = {isa = PBXBuildFile; fileRef = 9DB4F028217C147800F6D41F /* AppDelegate.swift */; };
		9DB4F02B217C147800F6D41F /* ViewController.swift in Sources */ = {isa = PBXBuildFile; fileRef = 9DB4F02A217C147800F6D41F /* ViewController.swift */; };
		9DB4F02E217C147800F6D41F /* Main.storyboard in Resources */ = {isa = PBXBuildFile; fileRef = 9DB4F02C217C147800F6D41F /* Main.storyboard */; };
		9DB4F030217C147800F6D41F /* Assets.xcassets in Resources */ = {isa = PBXBuildFile; fileRef = 9DB4F02F217C147800F6D41F /* Assets.xcassets */; };
		9DB4F033217C147800F6D41F /* LaunchScreen.storyboard in Resources */ = {isa = PBXBuildFile; fileRef = 9DB4F031217C147800F6D41F /* LaunchScreen.storyboard */; };
		9DB4F03D217C14C800F6D41F /* SplittableViewKit.framework in Frameworks */ = {isa = PBXBuildFile; fileRef = 9DB4F03B217C14C300F6D41F /* SplittableViewKit.framework */; };
		9DB4F03E217C14C800F6D41F /* SplittableViewKit.framework in Embed Frameworks */ = {isa = PBXBuildFile; fileRef = 9DB4F03B217C14C300F6D41F /* SplittableViewKit.framework */; settings = {ATTRIBUTES = (CodeSignOnCopy, RemoveHeadersOnCopy, ); }; };
		9DB4F041217C152A00F6D41F /* ThumbnailViewCell.swift in Sources */ = {isa = PBXBuildFile; fileRef = 9DB4F040217C152A00F6D41F /* ThumbnailViewCell.swift */; };
		9DB4F043217C156200F6D41F /* ThumbnailViewCell.xib in Resources */ = {isa = PBXBuildFile; fileRef = 9DB4F042217C156200F6D41F /* ThumbnailViewCell.xib */; };
/* End PBXBuildFile section */

/* Begin PBXCopyFilesBuildPhase section */
		9DB4F03F217C14C800F6D41F /* Embed Frameworks */ = {
			isa = PBXCopyFilesBuildPhase;
			buildActionMask = 2147483647;
			dstPath = "";
			dstSubfolderSpec = 10;
			files = (
				9DB4F03E217C14C800F6D41F /* SplittableViewKit.framework in Embed Frameworks */,
			);
			name = "Embed Frameworks";
			runOnlyForDeploymentPostprocessing = 0;
		};
/* End PBXCopyFilesBuildPhase section */

/* Begin PBXFileReference section */
		9D78E64B217C5EB900D2C918 /* TitleViewCell.swift */ = {isa = PBXFileReference; lastKnownFileType = sourcecode.swift; path = TitleViewCell.swift; sourceTree = "<group>"; };
		9D78E64C217C5EB900D2C918 /* TitleViewCell.xib */ = {isa = PBXFileReference; lastKnownFileType = file.xib; path = TitleViewCell.xib; sourceTree = "<group>"; };
		9D78E650217C654A00D2C918 /* IntroductionViewCell.swift */ = {isa = PBXFileReference; lastKnownFileType = sourcecode.swift; path = IntroductionViewCell.swift; sourceTree = "<group>"; };
		9D78E651217C654A00D2C918 /* IntroductionViewCell.xib */ = {isa = PBXFileReference; lastKnownFileType = file.xib; path = IntroductionViewCell.xib; sourceTree = "<group>"; };
		9D78E654217C66F000D2C918 /* InformationViewCell.swift */ = {isa = PBXFileReference; lastKnownFileType = sourcecode.swift; path = InformationViewCell.swift; sourceTree = "<group>"; };
		9D78E655217C66F000D2C918 /* InformationViewCell.xib */ = {isa = PBXFileReference; lastKnownFileType = file.xib; path = InformationViewCell.xib; sourceTree = "<group>"; };
		9DB4F025217C147800F6D41F /* SplittableViewKitExample.app */ = {isa = PBXFileReference; explicitFileType = wrapper.application; includeInIndex = 0; path = SplittableViewKitExample.app; sourceTree = BUILT_PRODUCTS_DIR; };
		9DB4F028217C147800F6D41F /* AppDelegate.swift */ = {isa = PBXFileReference; lastKnownFileType = sourcecode.swift; path = AppDelegate.swift; sourceTree = "<group>"; };
		9DB4F02A217C147800F6D41F /* ViewController.swift */ = {isa = PBXFileReference; lastKnownFileType = sourcecode.swift; path = ViewController.swift; sourceTree = "<group>"; };
		9DB4F02D217C147800F6D41F /* Base */ = {isa = PBXFileReference; lastKnownFileType = file.storyboard; name = Base; path = Base.lproj/Main.storyboard; sourceTree = "<group>"; };
		9DB4F02F217C147800F6D41F /* Assets.xcassets */ = {isa = PBXFileReference; lastKnownFileType = folder.assetcatalog; path = Assets.xcassets; sourceTree = "<group>"; };
		9DB4F032217C147800F6D41F /* Base */ = {isa = PBXFileReference; lastKnownFileType = file.storyboard; name = Base; path = Base.lproj/LaunchScreen.storyboard; sourceTree = "<group>"; };
		9DB4F034217C147800F6D41F /* Info.plist */ = {isa = PBXFileReference; lastKnownFileType = text.plist.xml; path = Info.plist; sourceTree = "<group>"; };
		9DB4F03B217C14C300F6D41F /* SplittableViewKit.framework */ = {isa = PBXFileReference; explicitFileType = wrapper.framework; path = SplittableViewKit.framework; sourceTree = BUILT_PRODUCTS_DIR; };
		9DB4F040217C152A00F6D41F /* ThumbnailViewCell.swift */ = {isa = PBXFileReference; lastKnownFileType = sourcecode.swift; path = ThumbnailViewCell.swift; sourceTree = "<group>"; };
		9DB4F042217C156200F6D41F /* ThumbnailViewCell.xib */ = {isa = PBXFileReference; fileEncoding = 4; lastKnownFileType = file.xib; path = ThumbnailViewCell.xib; sourceTree = "<group>"; };
/* End PBXFileReference section */

/* Begin PBXFrameworksBuildPhase section */
		9DB4F022217C147800F6D41F /* Frameworks */ = {
			isa = PBXFrameworksBuildPhase;
			buildActionMask = 2147483647;
			files = (
				9DB4F03D217C14C800F6D41F /* SplittableViewKit.framework in Frameworks */,
			);
			runOnlyForDeploymentPostprocessing = 0;
		};
/* End PBXFrameworksBuildPhase section */

/* Begin PBXGroup section */
		9D78E64F217C5EC500D2C918 /* Cell */ = {
			isa = PBXGroup;
			children = (
				9DB4F040217C152A00F6D41F /* ThumbnailViewCell.swift */,
				9DB4F042217C156200F6D41F /* ThumbnailViewCell.xib */,
				9D78E64B217C5EB900D2C918 /* TitleViewCell.swift */,
				9D78E64C217C5EB900D2C918 /* TitleViewCell.xib */,
				9D78E650217C654A00D2C918 /* IntroductionViewCell.swift */,
				9D78E651217C654A00D2C918 /* IntroductionViewCell.xib */,
				9D78E654217C66F000D2C918 /* InformationViewCell.swift */,
				9D78E655217C66F000D2C918 /* InformationViewCell.xib */,
			);
			path = Cell;
			sourceTree = "<group>";
		};
		9DB4F01C217C147800F6D41F = {
			isa = PBXGroup;
			children = (
				9DB4F027217C147800F6D41F /* SplittableViewKitExample */,
				9DB4F026217C147800F6D41F /* Products */,
				9DB4F03A217C14C300F6D41F /* Frameworks */,
			);
			sourceTree = "<group>";
		};
		9DB4F026217C147800F6D41F /* Products */ = {
			isa = PBXGroup;
			children = (
				9DB4F025217C147800F6D41F /* SplittableViewKitExample.app */,
			);
			name = Products;
			sourceTree = "<group>";
		};
		9DB4F027217C147800F6D41F /* SplittableViewKitExample */ = {
			isa = PBXGroup;
			children = (
				9DB4F028217C147800F6D41F /* AppDelegate.swift */,
				9DB4F02A217C147800F6D41F /* ViewController.swift */,
				9D78E64F217C5EC500D2C918 /* Cell */,
				9DB4F02C217C147800F6D41F /* Main.storyboard */,
				9DB4F02F217C147800F6D41F /* Assets.xcassets */,
				9DB4F031217C147800F6D41F /* LaunchScreen.storyboard */,
				9DB4F034217C147800F6D41F /* Info.plist */,
			);
			path = SplittableViewKitExample;
			sourceTree = "<group>";
		};
		9DB4F03A217C14C300F6D41F /* Frameworks */ = {
			isa = PBXGroup;
			children = (
				9DB4F03B217C14C300F6D41F /* SplittableViewKit.framework */,
			);
			name = Frameworks;
			sourceTree = "<group>";
		};
/* End PBXGroup section */

/* Begin PBXNativeTarget section */
		9DB4F024217C147800F6D41F /* SplittableViewKitExample */ = {
			isa = PBXNativeTarget;
			buildConfigurationList = 9DB4F037217C147800F6D41F /* Build configuration list for PBXNativeTarget "SplittableViewKitExample" */;
			buildPhases = (
				9DB4F021217C147800F6D41F /* Sources */,
				9DB4F022217C147800F6D41F /* Frameworks */,
				9DB4F023217C147800F6D41F /* Resources */,
				9DB4F03F217C14C800F6D41F /* Embed Frameworks */,
			);
			buildRules = (
			);
			dependencies = (
			);
			name = SplittableViewKitExample;
			productName = SplittableViewKitExample;
			productReference = 9DB4F025217C147800F6D41F /* SplittableViewKitExample.app */;
			productType = "com.apple.product-type.application";
		};
/* End PBXNativeTarget section */

/* Begin PBXProject section */
		9DB4F01D217C147800F6D41F /* Project object */ = {
			isa = PBXProject;
			attributes = {
				LastSwiftUpdateCheck = 1000;
				LastUpgradeCheck = 1000;
				ORGANIZATIONNAME = "marty-suzuki";
				TargetAttributes = {
					9DB4F024217C147800F6D41F = {
						CreatedOnToolsVersion = 10.0;
					};
				};
			};
			buildConfigurationList = 9DB4F020217C147800F6D41F /* Build configuration list for PBXProject "SplittableViewKitExample" */;
			compatibilityVersion = "Xcode 9.3";
			developmentRegion = en;
			hasScannedForEncodings = 0;
			knownRegions = (
				en,
				Base,
			);
			mainGroup = 9DB4F01C217C147800F6D41F;
			productRefGroup = 9DB4F026217C147800F6D41F /* Products */;
			projectDirPath = "";
			projectRoot = "";
			targets = (
				9DB4F024217C147800F6D41F /* SplittableViewKitExample */,
			);
		};
/* End PBXProject section */

/* Begin PBXResourcesBuildPhase section */
		9DB4F023217C147800F6D41F /* Resources */ = {
			isa = PBXResourcesBuildPhase;
			buildActionMask = 2147483647;
			files = (
				9DB4F033217C147800F6D41F /* LaunchScreen.storyboard in Resources */,
				9D78E64E217C5EB900D2C918 /* TitleViewCell.xib in Resources */,
				9DB4F043217C156200F6D41F /* ThumbnailViewCell.xib in Resources */,
				9DB4F030217C147800F6D41F /* Assets.xcassets in Resources */,
				9D78E653217C654A00D2C918 /* IntroductionViewCell.xib in Resources */,
				9DB4F02E217C147800F6D41F /* Main.storyboard in Resources */,
				9D78E657217C66F000D2C918 /* InformationViewCell.xib in Resources */,
			);
			runOnlyForDeploymentPostprocessing = 0;
		};
/* End PBXResourcesBuildPhase section */

/* Begin PBXSourcesBuildPhase section */
		9DB4F021217C147800F6D41F /* Sources */ = {
			isa = PBXSourcesBuildPhase;
			buildActionMask = 2147483647;
			files = (
				9D78E652217C654A00D2C918 /* IntroductionViewCell.swift in Sources */,
				9D78E656217C66F000D2C918 /* InformationViewCell.swift in Sources */,
				9DB4F041217C152A00F6D41F /* ThumbnailViewCell.swift in Sources */,
				9DB4F02B217C147800F6D41F /* ViewController.swift in Sources */,
				9DB4F029217C147800F6D41F /* AppDelegate.swift in Sources */,
				9D78E64D217C5EB900D2C918 /* TitleViewCell.swift in Sources */,
			);
			runOnlyForDeploymentPostprocessing = 0;
		};
/* End PBXSourcesBuildPhase section */

/* Begin PBXVariantGroup section */
		9DB4F02C217C147800F6D41F /* Main.storyboard */ = {
			isa = PBXVariantGroup;
			children = (
				9DB4F02D217C147800F6D41F /* Base */,
			);
			name = Main.storyboard;
			sourceTree = "<group>";
		};
		9DB4F031217C147800F6D41F /* LaunchScreen.storyboard */ = {
			isa = PBXVariantGroup;
			children = (
				9DB4F032217C147800F6D41F /* Base */,
			);
			name = LaunchScreen.storyboard;
			sourceTree = "<group>";
		};
/* End PBXVariantGroup section */

/* Begin XCBuildConfiguration section */
		9DB4F035217C147800F6D41F /* Debug */ = {
			isa = XCBuildConfiguration;
			buildSettings = {
				ALWAYS_SEARCH_USER_PATHS = NO;
				CLANG_ANALYZER_NONNULL = YES;
				CLANG_ANALYZER_NUMBER_OBJECT_CONVERSION = YES_AGGRESSIVE;
				CLANG_CXX_LANGUAGE_STANDARD = "gnu++14";
				CLANG_CXX_LIBRARY = "libc++";
				CLANG_ENABLE_MODULES = YES;
				CLANG_ENABLE_OBJC_ARC = YES;
				CLANG_ENABLE_OBJC_WEAK = YES;
				CLANG_WARN_BLOCK_CAPTURE_AUTORELEASING = YES;
				CLANG_WARN_BOOL_CONVERSION = YES;
				CLANG_WARN_COMMA = YES;
				CLANG_WARN_CONSTANT_CONVERSION = YES;
				CLANG_WARN_DEPRECATED_OBJC_IMPLEMENTATIONS = YES;
				CLANG_WARN_DIRECT_OBJC_ISA_USAGE = YES_ERROR;
				CLANG_WARN_DOCUMENTATION_COMMENTS = YES;
				CLANG_WARN_EMPTY_BODY = YES;
				CLANG_WARN_ENUM_CONVERSION = YES;
				CLANG_WARN_INFINITE_RECURSION = YES;
				CLANG_WARN_INT_CONVERSION = YES;
				CLANG_WARN_NON_LITERAL_NULL_CONVERSION = YES;
				CLANG_WARN_OBJC_IMPLICIT_RETAIN_SELF = YES;
				CLANG_WARN_OBJC_LITERAL_CONVERSION = YES;
				CLANG_WARN_OBJC_ROOT_CLASS = YES_ERROR;
				CLANG_WARN_RANGE_LOOP_ANALYSIS = YES;
				CLANG_WARN_STRICT_PROTOTYPES = YES;
				CLANG_WARN_SUSPICIOUS_MOVE = YES;
				CLANG_WARN_UNGUARDED_AVAILABILITY = YES_AGGRESSIVE;
				CLANG_WARN_UNREACHABLE_CODE = YES;
				CLANG_WARN__DUPLICATE_METHOD_MATCH = YES;
				CODE_SIGN_IDENTITY = "iPhone Developer";
				COPY_PHASE_STRIP = NO;
				DEBUG_INFORMATION_FORMAT = dwarf;
				ENABLE_STRICT_OBJC_MSGSEND = YES;
				ENABLE_TESTABILITY = YES;
				GCC_C_LANGUAGE_STANDARD = gnu11;
				GCC_DYNAMIC_NO_PIC = NO;
				GCC_NO_COMMON_BLOCKS = YES;
				GCC_OPTIMIZATION_LEVEL = 0;
				GCC_PREPROCESSOR_DEFINITIONS = (
					"DEBUG=1",
					"$(inherited)",
				);
				GCC_WARN_64_TO_32_BIT_CONVERSION = YES;
				GCC_WARN_ABOUT_RETURN_TYPE = YES_ERROR;
				GCC_WARN_UNDECLARED_SELECTOR = YES;
				GCC_WARN_UNINITIALIZED_AUTOS = YES_AGGRESSIVE;
				GCC_WARN_UNUSED_FUNCTION = YES;
				GCC_WARN_UNUSED_VARIABLE = YES;
				IPHONEOS_DEPLOYMENT_TARGET = 12.0;
				MTL_ENABLE_DEBUG_INFO = INCLUDE_SOURCE;
				MTL_FAST_MATH = YES;
				ONLY_ACTIVE_ARCH = YES;
				SDKROOT = iphoneos;
				SWIFT_ACTIVE_COMPILATION_CONDITIONS = DEBUG;
				SWIFT_OPTIMIZATION_LEVEL = "-Onone";
			};
			name = Debug;
		};
		9DB4F036217C147800F6D41F /* Release */ = {
			isa = XCBuildConfiguration;
			buildSettings = {
				ALWAYS_SEARCH_USER_PATHS = NO;
				CLANG_ANALYZER_NONNULL = YES;
				CLANG_ANALYZER_NUMBER_OBJECT_CONVERSION = YES_AGGRESSIVE;
				CLANG_CXX_LANGUAGE_STANDARD = "gnu++14";
				CLANG_CXX_LIBRARY = "libc++";
				CLANG_ENABLE_MODULES = YES;
				CLANG_ENABLE_OBJC_ARC = YES;
				CLANG_ENABLE_OBJC_WEAK = YES;
				CLANG_WARN_BLOCK_CAPTURE_AUTORELEASING = YES;
				CLANG_WARN_BOOL_CONVERSION = YES;
				CLANG_WARN_COMMA = YES;
				CLANG_WARN_CONSTANT_CONVERSION = YES;
				CLANG_WARN_DEPRECATED_OBJC_IMPLEMENTATIONS = YES;
				CLANG_WARN_DIRECT_OBJC_ISA_USAGE = YES_ERROR;
				CLANG_WARN_DOCUMENTATION_COMMENTS = YES;
				CLANG_WARN_EMPTY_BODY = YES;
				CLANG_WARN_ENUM_CONVERSION = YES;
				CLANG_WARN_INFINITE_RECURSION = YES;
				CLANG_WARN_INT_CONVERSION = YES;
				CLANG_WARN_NON_LITERAL_NULL_CONVERSION = YES;
				CLANG_WARN_OBJC_IMPLICIT_RETAIN_SELF = YES;
				CLANG_WARN_OBJC_LITERAL_CONVERSION = YES;
				CLANG_WARN_OBJC_ROOT_CLASS = YES_ERROR;
				CLANG_WARN_RANGE_LOOP_ANALYSIS = YES;
				CLANG_WARN_STRICT_PROTOTYPES = YES;
				CLANG_WARN_SUSPICIOUS_MOVE = YES;
				CLANG_WARN_UNGUARDED_AVAILABILITY = YES_AGGRESSIVE;
				CLANG_WARN_UNREACHABLE_CODE = YES;
				CLANG_WARN__DUPLICATE_METHOD_MATCH = YES;
				CODE_SIGN_IDENTITY = "iPhone Developer";
				COPY_PHASE_STRIP = NO;
				DEBUG_INFORMATION_FORMAT = "dwarf-with-dsym";
				ENABLE_NS_ASSERTIONS = NO;
				ENABLE_STRICT_OBJC_MSGSEND = YES;
				GCC_C_LANGUAGE_STANDARD = gnu11;
				GCC_NO_COMMON_BLOCKS = YES;
				GCC_WARN_64_TO_32_BIT_CONVERSION = YES;
				GCC_WARN_ABOUT_RETURN_TYPE = YES_ERROR;
				GCC_WARN_UNDECLARED_SELECTOR = YES;
				GCC_WARN_UNINITIALIZED_AUTOS = YES_AGGRESSIVE;
				GCC_WARN_UNUSED_FUNCTION = YES;
				GCC_WARN_UNUSED_VARIABLE = YES;
				IPHONEOS_DEPLOYMENT_TARGET = 12.0;
				MTL_ENABLE_DEBUG_INFO = NO;
				MTL_FAST_MATH = YES;
				SDKROOT = iphoneos;
				SWIFT_COMPILATION_MODE = wholemodule;
				SWIFT_OPTIMIZATION_LEVEL = "-O";
				VALIDATE_PRODUCT = YES;
			};
			name = Release;
		};
		9DB4F038217C147800F6D41F /* Debug */ = {
			isa = XCBuildConfiguration;
			buildSettings = {
				ASSETCATALOG_COMPILER_APPICON_NAME = AppIcon;
				CODE_SIGN_STYLE = Manual;
				DEVELOPMENT_TEAM = "";
				INFOPLIST_FILE = SplittableViewKitExample/Info.plist;
				LD_RUNPATH_SEARCH_PATHS = (
					"$(inherited)",
					"@executable_path/Frameworks",
				);
				PRODUCT_BUNDLE_IDENTIFIER = "jp.marty-suzuki.SplittableViewKitExample";
				PRODUCT_NAME = "$(TARGET_NAME)";
				PROVISIONING_PROFILE_SPECIFIER = "";
				SWIFT_VERSION = 4.2;
				TARGETED_DEVICE_FAMILY = "1,2";
			};
			name = Debug;
		};
		9DB4F039217C147800F6D41F /* Release */ = {
			isa = XCBuildConfiguration;
			buildSettings = {
				ASSETCATALOG_COMPILER_APPICON_NAME = AppIcon;
				CODE_SIGN_STYLE = Manual;
				DEVELOPMENT_TEAM = "";
				INFOPLIST_FILE = SplittableViewKitExample/Info.plist;
				LD_RUNPATH_SEARCH_PATHS = (
					"$(inherited)",
					"@executable_path/Frameworks",
				);
				PRODUCT_BUNDLE_IDENTIFIER = "jp.marty-suzuki.SplittableViewKitExample";
				PRODUCT_NAME = "$(TARGET_NAME)";
				PROVISIONING_PROFILE_SPECIFIER = "";
				SWIFT_VERSION = 4.2;
				TARGETED_DEVICE_FAMILY = "1,2";
			};
			name = Release;
		};
/* End XCBuildConfiguration section */

/* Begin XCConfigurationList section */
		9DB4F020217C147800F6D41F /* Build configuration list for PBXProject "SplittableViewKitExample" */ = {
			isa = XCConfigurationList;
			buildConfigurations = (
				9DB4F035217C147800F6D41F /* Debug */,
				9DB4F036217C147800F6D41F /* Release */,
			);
			defaultConfigurationIsVisible = 0;
			defaultConfigurationName = Release;
		};
		9DB4F037217C147800F6D41F /* Build configuration list for PBXNativeTarget "SplittableViewKitExample" */ = {
			isa = XCConfigurationList;
			buildConfigurations = (
				9DB4F038217C147800F6D41F /* Debug */,
				9DB4F039217C147800F6D41F /* Release */,
			);
			defaultConfigurationIsVisible = 0;
			defaultConfigurationName = Release;
		};
/* End XCConfigurationList section */
	};
	rootObject = 9DB4F01D217C147800F6D41F /* Project object */;
}
